
Microsoft Visual Studio Solution File, Format Version 12.00
# Visual Studio Version 16
VisualStudioVersion = 16.0.30011.22
MinimumVisualStudioVersion = 10.0.40219.1
Project("{9A19103F-16F7-4668-BE54-9A1E7A4F7556}") = "YakShop.Console", "YakShop.Console\YakShop.Console.csproj", "{709E9C6A-BC00-4BA0-93FA-F420548A2FBE}"
EndProject
Project("{9A19103F-16F7-4668-BE54-9A1E7A4F7556}") = "YakShop.Application", "YakShop.Application\YakShop.Application.csproj", "{572945AA-B858-440F-8AF4-8D717A909997}"
EndProject
Project("{9A19103F-16F7-4668-BE54-9A1E7A4F7556}") = "YakShop.Domain", "YakShop.Domain\YakShop.Domain.csproj", "{846D0F7C-199E-4DAA-AB16-64BACA75B44A}"
EndProject
Project("{9A19103F-16F7-4668-BE54-9A1E7A4F7556}") = "YakShop.Persistent", "YakShop.Persistent\YakShop.Persistent.csproj", "{BD001B8A-D4DA-44D5-9365-B22D90F57467}"
EndProject
Project("{FAE04EC0-301F-11D3-BF4B-00C04F79EFBC}") = "YakShop.API", "YakShop.API\YakShop.API.csproj", "{26F165E3-789D-4438-8472-8C4B12104411}"
EndProject
Global
	GlobalSection(SolutionConfigurationPlatforms) = preSolution
		Debug|Any CPU = Debug|Any CPU
		Release|Any CPU = Release|Any CPU
	EndGlobalSection
	GlobalSection(ProjectConfigurationPlatforms) = postSolution
		{709E9C6A-BC00-4BA0-93FA-F420548A2FBE}.Debug|Any CPU.ActiveCfg = Debug|Any CPU
		{709E9C6A-BC00-4BA0-93FA-F420548A2FBE}.Debug|Any CPU.Build.0 = Debug|Any CPU
		{709E9C6A-BC00-4BA0-93FA-F420548A2FBE}.Release|Any CPU.ActiveCfg = Release|Any CPU
		{709E9C6A-BC00-4BA0-93FA-F420548A2FBE}.Release|Any CPU.Build.0 = Release|Any CPU
		{572945AA-B858-440F-8AF4-8D717A909997}.Debug|Any CPU.ActiveCfg = Debug|Any CPU
		{572945AA-B858-440F-8AF4-8D717A909997}.Debug|Any CPU.Build.0 = Debug|Any CPU
		{572945AA-B858-440F-8AF4-8D717A909997}.Release|Any CPU.ActiveCfg = Release|Any CPU
		{572945AA-B858-440F-8AF4-8D717A909997}.Release|Any CPU.Build.0 = Release|Any CPU
		{846D0F7C-199E-4DAA-AB16-64BACA75B44A}.Debug|Any CPU.ActiveCfg = Debug|Any CPU
		{846D0F7C-199E-4DAA-AB16-64BACA75B44A}.Debug|Any CPU.Build.0 = Debug|Any CPU
		{846D0F7C-199E-4DAA-AB16-64BACA75B44A}.Release|Any CPU.ActiveCfg = Release|Any CPU
		{846D0F7C-199E-4DAA-AB16-64BACA75B44A}.Release|Any CPU.Build.0 = Release|Any CPU
		{BD001B8A-D4DA-44D5-9365-B22D90F57467}.Debug|Any CPU.ActiveCfg = Debug|Any CPU
		{BD001B8A-D4DA-44D5-9365-B22D90F57467}.Debug|Any CPU.Build.0 = Debug|Any CPU
		{BD001B8A-D4DA-44D5-9365-B22D90F57467}.Release|Any CPU.ActiveCfg = Release|Any CPU
		{BD001B8A-D4DA-44D5-9365-B22D90F57467}.Release|Any CPU.Build.0 = Release|Any CPU
		{26F165E3-789D-4438-8472-8C4B12104411}.Debug|Any CPU.ActiveCfg = Debug|Any CPU
		{26F165E3-789D-4438-8472-8C4B12104411}.Debug|Any CPU.Build.0 = Debug|Any CPU
		{26F165E3-789D-4438-8472-8C4B12104411}.Release|Any CPU.ActiveCfg = Release|Any CPU
		{26F165E3-789D-4438-8472-8C4B12104411}.Release|Any CPU.Build.0 = Release|Any CPU
	EndGlobalSection
	GlobalSection(SolutionProperties) = preSolution
		HideSolutionNode = FALSE
	EndGlobalSection
	GlobalSection(ExtensibilityGlobals) = postSolution
		SolutionGuid = {DE30FB7F-3091-4C6B-AD6C-83B23719F49E}
	EndGlobalSection
EndGlobal
